// !$*UTF8*$!
{
	archiveVersion = 1;
	classes = {
	};
	objectVersion = 56;
	objects = {

/* Begin PBXBuildFile section */
		E9382D162A6808ED00C4F0FF /* AppDelegate.swift in Sources */ = {isa = PBXBuildFile; fileRef = E9382D152A6808ED00C4F0FF /* AppDelegate.swift */; };
		E9382D182A6808ED00C4F0FF /* SceneDelegate.swift in Sources */ = {isa = PBXBuildFile; fileRef = E9382D172A6808ED00C4F0FF /* SceneDelegate.swift */; };
		E9382D1A2A6808ED00C4F0FF /* ViewController.swift in Sources */ = {isa = PBXBuildFile; fileRef = E9382D192A6808ED00C4F0FF /* ViewController.swift */; };
		E9382D1F2A6808EF00C4F0FF /* Assets.xcassets in Resources */ = {isa = PBXBuildFile; fileRef = E9382D1E2A6808EF00C4F0FF /* Assets.xcassets */; };
		E9382D222A6808EF00C4F0FF /* LaunchScreen.storyboard in Resources */ = {isa = PBXBuildFile; fileRef = E9382D202A6808EF00C4F0FF /* LaunchScreen.storyboard */; };
		E976F2952A68E42500A4C8C0 /* CustomUIDesign.framework in Frameworks */ = {isa = PBXBuildFile; fileRef = E976F2942A68E3FD00A4C8C0 /* CustomUIDesign.framework */; };
		E9BABD7A2A717B5B00545530 /* country-by-name.json in Resources */ = {isa = PBXBuildFile; fileRef = E9BABD792A717B5B00545530 /* country-by-name.json */; };
		E9BABD7D2A717D4200545530 /* Countries.swift in Sources */ = {isa = PBXBuildFile; fileRef = E9BABD7C2A717D4200545530 /* Countries.swift */; };
		E9BABD802A7A333B00545530 /* Main.storyboard in Resources */ = {isa = PBXBuildFile; fileRef = E9BABD7F2A7A333B00545530 /* Main.storyboard */; };
/* End PBXBuildFile section */

/* Begin PBXContainerItemProxy section */
		E976F2932A68E3FD00A4C8C0 /* PBXContainerItemProxy */ = {
			isa = PBXContainerItemProxy;
			containerPortal = E9382D6F2A680B8E00C4F0FF /* CustomUIDesign.xcodeproj */;
			proxyType = 2;
			remoteGlobalIDString = E9382D5D2A6809E900C4F0FF;
			remoteInfo = CustomUIDesign;
		};
/* End PBXContainerItemProxy section */

/* Begin PBXFileReference section */
		E9382D122A6808ED00C4F0FF /* OptionsComponent.app */ = {isa = PBXFileReference; explicitFileType = wrapper.application; includeInIndex = 0; path = OptionsComponent.app; sourceTree = BUILT_PRODUCTS_DIR; };
		E9382D152A6808ED00C4F0FF /* AppDelegate.swift */ = {isa = PBXFileReference; lastKnownFileType = sourcecode.swift; path = AppDelegate.swift; sourceTree = "<group>"; };
		E9382D172A6808ED00C4F0FF /* SceneDelegate.swift */ = {isa = PBXFileReference; lastKnownFileType = sourcecode.swift; path = SceneDelegate.swift; sourceTree = "<group>"; };
		E9382D192A6808ED00C4F0FF /* ViewController.swift */ = {isa = PBXFileReference; lastKnownFileType = sourcecode.swift; path = ViewController.swift; sourceTree = "<group>"; };
		E9382D1E2A6808EF00C4F0FF /* Assets.xcassets */ = {isa = PBXFileReference; lastKnownFileType = folder.assetcatalog; path = Assets.xcassets; sourceTree = "<group>"; };
		E9382D212A6808EF00C4F0FF /* Base */ = {isa = PBXFileReference; lastKnownFileType = file.storyboard; name = Base; path = Base.lproj/LaunchScreen.storyboard; sourceTree = "<group>"; };
		E9382D232A6808EF00C4F0FF /* Info.plist */ = {isa = PBXFileReference; lastKnownFileType = text.plist.xml; path = Info.plist; sourceTree = "<group>"; };
		E9382D6F2A680B8E00C4F0FF /* CustomUIDesign.xcodeproj */ = {isa = PBXFileReference; lastKnownFileType = "wrapper.pb-project"; name = CustomUIDesign.xcodeproj; path = ../CustomUIDesign/CustomUIDesign.xcodeproj; sourceTree = "<group>"; };
		E9BABD792A717B5B00545530 /* country-by-name.json */ = {isa = PBXFileReference; fileEncoding = 4; lastKnownFileType = text.json; path = "country-by-name.json"; sourceTree = "<group>"; };
		E9BABD7C2A717D4200545530 /* Countries.swift */ = {isa = PBXFileReference; lastKnownFileType = sourcecode.swift; path = Countries.swift; sourceTree = "<group>"; };
		E9BABD7F2A7A333B00545530 /* Main.storyboard */ = {isa = PBXFileReference; fileEncoding = 4; lastKnownFileType = file.storyboard; path = Main.storyboard; sourceTree = "<group>"; };
/* End PBXFileReference section */

/* Begin PBXFrameworksBuildPhase section */
		E9382D0F2A6808ED00C4F0FF /* Frameworks */ = {
			isa = PBXFrameworksBuildPhase;
			buildActionMask = 2147483647;
			files = (
				E976F2952A68E42500A4C8C0 /* CustomUIDesign.framework in Frameworks */,
			);
			runOnlyForDeploymentPostprocessing = 0;
		};
/* End PBXFrameworksBuildPhase section */

/* Begin PBXGroup section */
		E9382D092A6808EC00C4F0FF = {
			isa = PBXGroup;
			children = (
				E9382D6F2A680B8E00C4F0FF /* CustomUIDesign.xcodeproj */,
				E9382D142A6808ED00C4F0FF /* OptionsComponent */,
				E9382D132A6808ED00C4F0FF /* Products */,
				E9382D752A680BA700C4F0FF /* Frameworks */,
			);
			sourceTree = "<group>";
		};
		E9382D132A6808ED00C4F0FF /* Products */ = {
			isa = PBXGroup;
			children = (
				E9382D122A6808ED00C4F0FF /* OptionsComponent.app */,
			);
			name = Products;
			sourceTree = "<group>";
		};
		E9382D142A6808ED00C4F0FF /* OptionsComponent */ = {
			isa = PBXGroup;
			children = (
				E9382D152A6808ED00C4F0FF /* AppDelegate.swift */,
				E9382D172A6808ED00C4F0FF /* SceneDelegate.swift */,
				E9382D192A6808ED00C4F0FF /* ViewController.swift */,
				E9BABD7F2A7A333B00545530 /* Main.storyboard */,
				E9382D1E2A6808EF00C4F0FF /* Assets.xcassets */,
				E9382D202A6808EF00C4F0FF /* LaunchScreen.storyboard */,
				E9382D232A6808EF00C4F0FF /* Info.plist */,
				E9BABD792A717B5B00545530 /* country-by-name.json */,
				E9BABD7C2A717D4200545530 /* Countries.swift */,
			);
			path = OptionsComponent;
			sourceTree = "<group>";
		};
		E9382D752A680BA700C4F0FF /* Frameworks */ = {
			isa = PBXGroup;
			children = (
			);
			name = Frameworks;
			sourceTree = "<group>";
		};
		E976F2902A68E3FD00A4C8C0 /* Products */ = {
			isa = PBXGroup;
			children = (
				E976F2942A68E3FD00A4C8C0 /* CustomUIDesign.framework */,
			);
			name = Products;
			sourceTree = "<group>";
		};
/* End PBXGroup section */

/* Begin PBXNativeTarget section */
		E9382D112A6808ED00C4F0FF /* OptionsComponent */ = {
			isa = PBXNativeTarget;
			buildConfigurationList = E9382D262A6808EF00C4F0FF /* Build configuration list for PBXNativeTarget "OptionsComponent" */;
			buildPhases = (
				E9382D0E2A6808ED00C4F0FF /* Sources */,
				E9382D0F2A6808ED00C4F0FF /* Frameworks */,
				E9382D102A6808ED00C4F0FF /* Resources */,
			);
			buildRules = (
			);
			dependencies = (
			);
			name = OptionsComponent;
			productName = OptionsComponent;
			productReference = E9382D122A6808ED00C4F0FF /* OptionsComponent.app */;
			productType = "com.apple.product-type.application";
		};
/* End PBXNativeTarget section */

/* Begin PBXProject section */
		E9382D0A2A6808EC00C4F0FF /* Project object */ = {
			isa = PBXProject;
			attributes = {
				BuildIndependentTargetsInParallel = 1;
				LastSwiftUpdateCheck = 1420;
				LastUpgradeCheck = 1420;
				TargetAttributes = {
					E9382D112A6808ED00C4F0FF = {
						CreatedOnToolsVersion = 14.2;
					};
				};
			};
			buildConfigurationList = E9382D0D2A6808EC00C4F0FF /* Build configuration list for PBXProject "OptionsComponent" */;
			compatibilityVersion = "Xcode 14.0";
			developmentRegion = en;
			hasScannedForEncodings = 0;
			knownRegions = (
				en,
				Base,
			);
			mainGroup = E9382D092A6808EC00C4F0FF;
			productRefGroup = E9382D132A6808ED00C4F0FF /* Products */;
			projectDirPath = "";
			projectReferences = (
				{
					ProductGroup = E976F2902A68E3FD00A4C8C0 /* Products */;
					ProjectRef = E9382D6F2A680B8E00C4F0FF /* CustomUIDesign.xcodeproj */;
				},
			);
			projectRoot = "";
			targets = (
				E9382D112A6808ED00C4F0FF /* OptionsComponent */,
			);
		};
/* End PBXProject section */

/* Begin PBXReferenceProxy section */
		E976F2942A68E3FD00A4C8C0 /* CustomUIDesign.framework */ = {
			isa = PBXReferenceProxy;
			fileType = wrapper.framework;
			path = CustomUIDesign.framework;
			remoteRef = E976F2932A68E3FD00A4C8C0 /* PBXContainerItemProxy */;
			sourceTree = BUILT_PRODUCTS_DIR;
		};
/* End PBXReferenceProxy section */

/* Begin PBXResourcesBuildPhase section */
		E9382D102A6808ED00C4F0FF /* Resources */ = {
			isa = PBXResourcesBuildPhase;
			buildActionMask = 2147483647;
			files = (
				E9382D222A6808EF00C4F0FF /* LaunchScreen.storyboard in Resources */,
				E9382D1F2A6808EF00C4F0FF /* Assets.xcassets in Resources */,
				E9BABD7A2A717B5B00545530 /* country-by-name.json in Resources */,
				E9BABD802A7A333B00545530 /* Main.storyboard in Resources */,
			);
			runOnlyForDeploymentPostprocessing = 0;
		};
/* End PBXResourcesBuildPhase section */

/* Begin PBXSourcesBuildPhase section */
		E9382D0E2A6808ED00C4F0FF /* Sources */ = {
			isa = PBXSourcesBuildPhase;
			buildActionMask = 2147483647;
			files = (
				E9382D1A2A6808ED00C4F0FF /* ViewController.swift in Sources */,
				E9382D162A6808ED00C4F0FF /* AppDelegate.swift in Sources */,
				E9BABD7D2A717D4200545530 /* Countries.swift in Sources */,
				E9382D182A6808ED00C4F0FF /* SceneDelegate.swift in Sources */,
			);
			runOnlyForDeploymentPostprocessing = 0;
		};
/* End PBXSourcesBuildPhase section */

/* Begin PBXVariantGroup section */
		E9382D202A6808EF00C4F0FF /* LaunchScreen.storyboard */ = {
			isa = PBXVariantGroup;
			children = (
				E9382D212A6808EF00C4F0FF /* Base */,
			);
			name = LaunchScreen.storyboard;
			sourceTree = "<group>";
		};
/* End PBXVariantGroup section */

/* Begin XCBuildConfiguration section */
		E9382D242A6808EF00C4F0FF /* Debug */ = {
			isa = XCBuildConfiguration;
			buildSettings = {
				ALWAYS_SEARCH_USER_PATHS = NO;
				CLANG_ANALYZER_NONNULL = YES;
				CLANG_ANALYZER_NUMBER_OBJECT_CONVERSION = YES_AGGRESSIVE;
				CLANG_CXX_LANGUAGE_STANDARD = "gnu++20";
				CLANG_ENABLE_MODULES = YES;
				CLANG_ENABLE_OBJC_ARC = YES;
				CLANG_ENABLE_OBJC_WEAK = YES;
				CLANG_WARN_BLOCK_CAPTURE_AUTORELEASING = YES;
				CLANG_WARN_BOOL_CONVERSION = YES;
				CLANG_WARN_COMMA = YES;
				CLANG_WARN_CONSTANT_CONVERSION = YES;
				CLANG_WARN_DEPRECATED_OBJC_IMPLEMENTATIONS = YES;
				CLANG_WARN_DIRECT_OBJC_ISA_USAGE = YES_ERROR;
				CLANG_WARN_DOCUMENTATION_COMMENTS = YES;
				CLANG_WARN_EMPTY_BODY = YES;
				CLANG_WARN_ENUM_CONVERSION = YES;
				CLANG_WARN_INFINITE_RECURSION = YES;
				CLANG_WARN_INT_CONVERSION = YES;
				CLANG_WARN_NON_LITERAL_NULL_CONVERSION = YES;
				CLANG_WARN_OBJC_IMPLICIT_RETAIN_SELF = YES;
				CLANG_WARN_OBJC_LITERAL_CONVERSION = YES;
				CLANG_WARN_OBJC_ROOT_CLASS = YES_ERROR;
				CLANG_WARN_QUOTED_INCLUDE_IN_FRAMEWORK_HEADER = YES;
				CLANG_WARN_RANGE_LOOP_ANALYSIS = YES;
				CLANG_WARN_STRICT_PROTOTYPES = YES;
				CLANG_WARN_SUSPICIOUS_MOVE = YES;
				CLANG_WARN_UNGUARDED_AVAILABILITY = YES_AGGRESSIVE;
				CLANG_WARN_UNREACHABLE_CODE = YES;
				CLANG_WARN__DUPLICATE_METHOD_MATCH = YES;
				COPY_PHASE_STRIP = NO;
				DEBUG_INFORMATION_FORMAT = dwarf;
				ENABLE_STRICT_OBJC_MSGSEND = YES;
				ENABLE_TESTABILITY = YES;
				GCC_C_LANGUAGE_STANDARD = gnu11;
				GCC_DYNAMIC_NO_PIC = NO;
				GCC_NO_COMMON_BLOCKS = YES;
				GCC_OPTIMIZATION_LEVEL = 0;
				GCC_PREPROCESSOR_DEFINITIONS = (
					"DEBUG=1",
					"$(inherited)",
				);
				GCC_WARN_64_TO_32_BIT_CONVERSION = YES;
				GCC_WARN_ABOUT_RETURN_TYPE = YES_ERROR;
				GCC_WARN_UNDECLARED_SELECTOR = YES;
				GCC_WARN_UNINITIALIZED_AUTOS = YES_AGGRESSIVE;
				GCC_WARN_UNUSED_FUNCTION = YES;
				GCC_WARN_UNUSED_VARIABLE = YES;
				IPHONEOS_DEPLOYMENT_TARGET = 16.2;
				MTL_ENABLE_DEBUG_INFO = INCLUDE_SOURCE;
				MTL_FAST_MATH = YES;
				ONLY_ACTIVE_ARCH = YES;
				SDKROOT = iphoneos;
				SWIFT_ACTIVE_COMPILATION_CONDITIONS = DEBUG;
				SWIFT_OPTIMIZATION_LEVEL = "-Onone";
			};
			name = Debug;
		};
		E9382D252A6808EF00C4F0FF /* Release */ = {
			isa = XCBuildConfiguration;
			buildSettings = {
				ALWAYS_SEARCH_USER_PATHS = NO;
				CLANG_ANALYZER_NONNULL = YES;
				CLANG_ANALYZER_NUMBER_OBJECT_CONVERSION = YES_AGGRESSIVE;
				CLANG_CXX_LANGUAGE_STANDARD = "gnu++20";
				CLANG_ENABLE_MODULES = YES;
				CLANG_ENABLE_OBJC_ARC = YES;
				CLANG_ENABLE_OBJC_WEAK = YES;
				CLANG_WARN_BLOCK_CAPTURE_AUTORELEASING = YES;
				CLANG_WARN_BOOL_CONVERSION = YES;
				CLANG_WARN_COMMA = YES;
				CLANG_WARN_CONSTANT_CONVERSION = YES;
				CLANG_WARN_DEPRECATED_OBJC_IMPLEMENTATIONS = YES;
				CLANG_WARN_DIRECT_OBJC_ISA_USAGE = YES_ERROR;
				CLANG_WARN_DOCUMENTATION_COMMENTS = YES;
				CLANG_WARN_EMPTY_BODY = YES;
				CLANG_WARN_ENUM_CONVERSION = YES;
				CLANG_WARN_INFINITE_RECURSION = YES;
				CLANG_WARN_INT_CONVERSION = YES;
				CLANG_WARN_NON_LITERAL_NULL_CONVERSION = YES;
				CLANG_WARN_OBJC_IMPLICIT_RETAIN_SELF = YES;
				CLANG_WARN_OBJC_LITERAL_CONVERSION = YES;
				CLANG_WARN_OBJC_ROOT_CLASS = YES_ERROR;
				CLANG_WARN_QUOTED_INCLUDE_IN_FRAMEWORK_HEADER = YES;
				CLANG_WARN_RANGE_LOOP_ANALYSIS = YES;
				CLANG_WARN_STRICT_PROTOTYPES = YES;
				CLANG_WARN_SUSPICIOUS_MOVE = YES;
				CLANG_WARN_UNGUARDED_AVAILABILITY = YES_AGGRESSIVE;
				CLANG_WARN_UNREACHABLE_CODE = YES;
				CLANG_WARN__DUPLICATE_METHOD_MATCH = YES;
				COPY_PHASE_STRIP = NO;
				DEBUG_INFORMATION_FORMAT = "dwarf-with-dsym";
				ENABLE_NS_ASSERTIONS = NO;
				ENABLE_STRICT_OBJC_MSGSEND = YES;
				GCC_C_LANGUAGE_STANDARD = gnu11;
				GCC_NO_COMMON_BLOCKS = YES;
				GCC_WARN_64_TO_32_BIT_CONVERSION = YES;
				GCC_WARN_ABOUT_RETURN_TYPE = YES_ERROR;
				GCC_WARN_UNDECLARED_SELECTOR = YES;
				GCC_WARN_UNINITIALIZED_AUTOS = YES_AGGRESSIVE;
				GCC_WARN_UNUSED_FUNCTION = YES;
				GCC_WARN_UNUSED_VARIABLE = YES;
				IPHONEOS_DEPLOYMENT_TARGET = 16.2;
				MTL_ENABLE_DEBUG_INFO = NO;
				MTL_FAST_MATH = YES;
				SDKROOT = iphoneos;
				SWIFT_COMPILATION_MODE = wholemodule;
				SWIFT_OPTIMIZATION_LEVEL = "-O";
				VALIDATE_PRODUCT = YES;
			};
			name = Release;
		};
		E9382D272A6808EF00C4F0FF /* Debug */ = {
			isa = XCBuildConfiguration;
			buildSettings = {
				ASSETCATALOG_COMPILER_APPICON_NAME = AppIcon;
				ASSETCATALOG_COMPILER_GLOBAL_ACCENT_COLOR_NAME = AccentColor;
				CODE_SIGN_STYLE = Automatic;
				CURRENT_PROJECT_VERSION = 1;
				DEVELOPMENT_TEAM = FA8H464Z89;
				GENERATE_INFOPLIST_FILE = YES;
				INFOPLIST_FILE = OptionsComponent/Info.plist;
				INFOPLIST_KEY_UIApplicationSupportsIndirectInputEvents = YES;
				INFOPLIST_KEY_UILaunchStoryboardName = LaunchScreen;
				INFOPLIST_KEY_UIMainStoryboardFile = Main;
				INFOPLIST_KEY_UISupportedInterfaceOrientations_iPad = "UIInterfaceOrientationPortrait UIInterfaceOrientationPortraitUpsideDown UIInterfaceOrientationLandscapeLeft UIInterfaceOrientationLandscapeRight";
				INFOPLIST_KEY_UISupportedInterfaceOrientations_iPhone = "UIInterfaceOrientationPortrait UIInterfaceOrientationLandscapeLeft UIInterfaceOrientationLandscapeRight";
				LD_RUNPATH_SEARCH_PATHS = (
					"$(inherited)",
					"@executable_path/Frameworks",
				);
				MARKETING_VERSION = 1.0;
				PRODUCT_BUNDLE_IDENTIFIER = com.project.OptionsComponent;
				PRODUCT_NAME = "$(TARGET_NAME)";
				SWIFT_EMIT_LOC_STRINGS = YES;
				SWIFT_VERSION = 5.0;
				TARGETED_DEVICE_FAMILY = "1,2";
			};
			name = Debug;
		};
		E9382D282A6808EF00C4F0FF /* Release */ = {
			isa = XCBuildConfiguration;
			buildSettings = {
				ASSETCATALOG_COMPILER_APPICON_NAME = AppIcon;
				ASSETCATALOG_COMPILER_GLOBAL_ACCENT_COLOR_NAME = AccentColor;
				CODE_SIGN_STYLE = Automatic;
				CURRENT_PROJECT_VERSION = 1;
				DEVELOPMENT_TEAM = FA8H464Z89;
				GENERATE_INFOPLIST_FILE = YES;
				INFOPLIST_FILE = OptionsComponent/Info.plist;
				INFOPLIST_KEY_UIApplicationSupportsIndirectInputEvents = YES;
				INFOPLIST_KEY_UILaunchStoryboardName = LaunchScreen;
				INFOPLIST_KEY_UIMainStoryboardFile = Main;
				INFOPLIST_KEY_UISupportedInterfaceOrientations_iPad = "UIInterfaceOrientationPortrait UIInterfaceOrientationPortraitUpsideDown UIInterfaceOrientationLandscapeLeft UIInterfaceOrientationLandscapeRight";
				INFOPLIST_KEY_UISupportedInterfaceOrientations_iPhone = "UIInterfaceOrientationPortrait UIInterfaceOrientationLandscapeLeft UIInterfaceOrientationLandscapeRight";
				LD_RUNPATH_SEARCH_PATHS = (
					"$(inherited)",
					"@executable_path/Frameworks",
				);
				MARKETING_VERSION = 1.0;
				PRODUCT_BUNDLE_IDENTIFIER = com.project.OptionsComponent;
				PRODUCT_NAME = "$(TARGET_NAME)";
				SWIFT_EMIT_LOC_STRINGS = YES;
				SWIFT_VERSION = 5.0;
				TARGETED_DEVICE_FAMILY = "1,2";
			};
			name = Release;
		};
/* End XCBuildConfiguration section */

/* Begin XCConfigurationList section */
		E9382D0D2A6808EC00C4F0FF /* Build configuration list for PBXProject "OptionsComponent" */ = {
			isa = XCConfigurationList;
			buildConfigurations = (
				E9382D242A6808EF00C4F0FF /* Debug */,
				E9382D252A6808EF00C4F0FF /* Release */,
			);
			defaultConfigurationIsVisible = 0;
			defaultConfigurationName = Release;
		};
		E9382D262A6808EF00C4F0FF /* Build configuration list for PBXNativeTarget "OptionsComponent" */ = {
			isa = XCConfigurationList;
			buildConfigurations = (
				E9382D272A6808EF00C4F0FF /* Debug */,
				E9382D282A6808EF00C4F0FF /* Release */,
			);
			defaultConfigurationIsVisible = 0;
			defaultConfigurationName = Release;
		};
/* End XCConfigurationList section */
	};
	rootObject = E9382D0A2A6808EC00C4F0FF /* Project object */;
}
